{
    "_readme": [
        "This file locks the dependencies of your project to a known state",
        "Read more about it at https://getcomposer.org/doc/01-basic-usage.md#composer-lock-the-lock-file",
        "This file is @generated automatically"
    ],
    "content-hash": "77785fb1fcf915e7ecb76cb9e1007f8e",
    "packages": [
        {
            "name": "clue/socket-raw",
            "version": "v1.4.0",
            "source": {
                "type": "git",
                "url": "https://github.com/clue/php-socket-raw.git",
                "reference": "2f6654445233407900c9a804490cecd8e4f2ae86"
            },
            "dist": {
                "type": "zip",
                "url": "https://api.github.com/repos/clue/php-socket-raw/zipball/2f6654445233407900c9a804490cecd8e4f2ae86",
                "reference": "2f6654445233407900c9a804490cecd8e4f2ae86",
                "shasum": ""
            },
            "require": {
                "ext-sockets": "*",
                "php": ">=5.3"
            },
            "require-dev": {
                "phpunit/phpunit": "^7.0 || ^6.0 || ^5.2 || ^4.8.35"
            },
            "type": "library",
            "autoload": {
                "psr-4": {
                    "Socket\\Raw\\": "src"
                }
            },
            "notification-url": "https://packagist.org/downloads/",
            "license": [
                "MIT"
            ],
            "authors": [
                {
                    "name": "Christian Lück",
                    "email": "christian@lueck.tv"
                }
            ],
            "description": "Simple and lightweight OOP wrapper for PHP's low level sockets extension (ext-sockets)",
            "homepage": "https://github.com/clue/php-socket-raw",
            "keywords": [
                "Socket",
                "client",
                "datagram",
                "dgram",
                "icmp",
                "ipv6",
                "server",
                "stream",
                "tcp",
                "udg",
                "udp",
                "unix"
            ],
            "time": "2019-01-22T11:08:01+00:00"
        },
        {
            "name": "graze/telnet-client",
            "version": "v2.2.0",
            "source": {
                "type": "git",
                "url": "https://github.com/graze/telnet-client.git",
                "reference": "99c29949a88d491ebe3a1b3ced6b31cfb5e70aac"
            },
            "dist": {
                "type": "zip",
                "url": "https://api.github.com/repos/graze/telnet-client/zipball/99c29949a88d491ebe3a1b3ced6b31cfb5e70aac",
                "reference": "99c29949a88d491ebe3a1b3ced6b31cfb5e70aac",
                "shasum": ""
            },
            "require": {
                "clue/socket-raw": "^1.3",
                "php": ">5.5.0"
            },
            "require-dev": {
                "graze/standards": "^2.0",
                "mockery/mockery": "^0.9.4",
                "phpunit/phpunit": "^5.0",
                "squizlabs/php_codesniffer": "^3.0",
                "symfony/var-dumper": "^3.0"
            },
            "type": "library",
            "autoload": {
                "psr-4": {
                    "Graze\\TelnetClient\\": "src/"
                }
            },
            "notification-url": "https://packagist.org/downloads/",
            "license": [
                "MIT"
            ],
            "authors": [
                {
                    "name": "Dalibor Andzakovic",
                    "email": "dali@swerve.co.nz"
                },
                {
                    "name": "Marc Ennaji"
                },
                {
                    "name": "Matthias Blaser",
                    "email": "mb@adfinis.ch"
                },
                {
                    "name": "Christian Hammers",
                    "email": "chammers@netcologne.de"
                },
                {
                    "name": "Bestnetwork",
                    "email": "reparto.sviluppo@bestnetwork.it"
                },
                {
                    "name": "Graze Developers",
                    "email": "developers@graze.com",
                    "homepage": "http://www.graze.com",
                    "role": "Development Team"
                },
                {
                    "name": "John Smith",
                    "email": "john@graze.com",
                    "role": "Developer"
                }
            ],
            "description": "Telnet client written in PHP",
            "homepage": "https://github.com/graze/telnet-client",
            "keywords": [
                "client",
                "graze",
                "php",
                "telnet",
                "telnet-client"
            ],
            "time": "2018-11-12T11:41:22+00:00"
        }
    ],
    "packages-dev": [],
    "aliases": [],
    "minimum-stability": "stable",
    "stability-flags": [],
    "prefer-stable": false,
    "prefer-lowest": false,
    "platform": [],
    "platform-dev": []
}
